// !$*UTF8*$!
{
	archiveVersion = 1;
	classes = {
	};
	objectVersion = 42;
	objects = {

/* Begin PBXAggregateTarget section */
		0EF04FA40AAEA3B70028356D /* Package FMN */ = {
			isa = PBXAggregateTarget;
			buildConfigurationList = 0EF04FB40AAEA40A0028356D /* Build configuration list for PBXAggregateTarget "Package FMN" */;
			buildPhases = (
				0EF04FAD0AAEA3FE0028356D /* ShellScript */,
			);
			dependencies = (
				0EF04FA60AAEA3D40028356D /* PBXTargetDependency */,
				0EF04FA80AAEA3D40028356D /* PBXTargetDependency */,
				0EF04FAA0AAEA3D40028356D /* PBXTargetDependency */,
				0EF04FAC0AAEA3D40028356D /* PBXTargetDependency */,
			);
			name = "Package FMN";
			productName = "Package FMN";
		};
/* End PBXAggregateTarget section */

/* Begin PBXBuildFile section */
		0E13E4580A9A7E950093153D /* FMNPrefPane.nib in Resources */ = {isa = PBXBuildFile; fileRef = 0E13E44F0A9A7E950093153D /* FMNPrefPane.nib */; };
		0E13E4590A9A7E950093153D /* InfoPlist.strings in Resources */ = {isa = PBXBuildFile; fileRef = 0E13E4510A9A7E950093153D /* InfoPlist.strings */; };
		0E13E45A0A9A7E950093153D /* FMNPrefPane.m in Sources */ = {isa = PBXBuildFile; fileRef = 0E13E4540A9A7E950093153D /* FMNPrefPane.m */; };
		0E13E45D0A9A7E950093153D /* version.plist in Resources */ = {isa = PBXBuildFile; fileRef = 0E13E4570A9A7E950093153D /* version.plist */; };
		0E13E4600A9A7ED00093153D /* Forget-Me-Not.app in Resources */ = {isa = PBXBuildFile; fileRef = 8D1107320486CEB800E47090 /* Forget-Me-Not.app */; };
		0E13E5230A9A8C3A0093153D /* Cocoa.framework in Frameworks */ = {isa = PBXBuildFile; fileRef = 1058C7A1FEA54F0111CA2CBB /* Cocoa.framework */; };
		0E13E5380A9A8C880093153D /* PreferencePanes.framework in Frameworks */ = {isa = PBXBuildFile; fileRef = 0E13E5370A9A8C880093153D /* PreferencePanes.framework */; };
		0E2A9C770A9F71A40005F7D6 /* diagram-disabled.png in Resources */ = {isa = PBXBuildFile; fileRef = 0E2A9C750A9F71A40005F7D6 /* diagram-disabled.png */; };
		0E2A9C780A9F71A40005F7D6 /* diagram-enabled.png in Resources */ = {isa = PBXBuildFile; fileRef = 0E2A9C760A9F71A40005F7D6 /* diagram-enabled.png */; };
		0E3EE9700AAF9C240022D5E3 /* FMNLoginItems.m in Sources */ = {isa = PBXBuildFile; fileRef = 0E3EE96F0AAF9C240022D5E3 /* FMNLoginItems.m */; };
		0E4DE3F30A9BBA37001C9EEF /* X11Bridge.m in Sources */ = {isa = PBXBuildFile; fileRef = 0EC122FD0A71730700CE04DC /* X11Bridge.m */; };
		0E4DE3F40A9BBA38001C9EEF /* X11Restorable.m in Sources */ = {isa = PBXBuildFile; fileRef = 0E13E0910A93E8670093153D /* X11Restorable.m */; };
		0E4DE3F50A9BBA39001C9EEF /* X11WindowOrientation.m in Sources */ = {isa = PBXBuildFile; fileRef = 0EC122F80A71728B00CE04DC /* X11WindowOrientation.m */; };
		0E4DE42A0A9BBD9D001C9EEF /* FMNModuleLoader.m in Sources */ = {isa = PBXBuildFile; fileRef = 0E4DE4290A9BBD9D001C9EEF /* FMNModuleLoader.m */; };
		0E4DE4B00A9BCB98001C9EEF /* AXApplication.m in Sources */ = {isa = PBXBuildFile; fileRef = 66299ADB0A6E2768005757CB /* AXApplication.m */; };
		0E4DE4B10A9BCB99001C9EEF /* AXWindow.m in Sources */ = {isa = PBXBuildFile; fileRef = 662998A30A6DE8AB005757CB /* AXWindow.m */; };
		0E4DE4B20A9BCB9A001C9EEF /* FMNAXModule.m in Sources */ = {isa = PBXBuildFile; fileRef = 0E13E07E0A93E1CA0093153D /* FMNAXModule.m */; };
		0E4DE5410A9BD143001C9EEF /* AXModule.plugin in Copy into Forget-Me-Not.app */ = {isa = PBXBuildFile; fileRef = 0E4DE4A50A9BCADA001C9EEF /* AXModule.plugin */; };
		0E4DE5440A9BD18D001C9EEF /* X11Module.plugin in Copy into Forget-Me-Not.app */ = {isa = PBXBuildFile; fileRef = 0E4DE3CB0A9BB92C001C9EEF /* X11Module.plugin */; };
		0E5742E60AA4085B00A42972 /* miniFlower.tiff in Resources */ = {isa = PBXBuildFile; fileRef = 0E5742E50AA4085B00A42972 /* miniFlower.tiff */; };
		0E57434A0AA4C2B400A42972 /* Flower.icns in Resources */ = {isa = PBXBuildFile; fileRef = 0E5743490AA4C2B400A42972 /* Flower.icns */; };
		0E57434B0AA4C2B400A42972 /* Flower.icns in Resources */ = {isa = PBXBuildFile; fileRef = 0E5743490AA4C2B400A42972 /* Flower.icns */; };
		6613E2B80A676588003DA5B2 /* FMN.m in Sources */ = {isa = PBXBuildFile; fileRef = 6613E2B70A676588003DA5B2 /* FMN.m */; };
		6629992F0A6E0386005757CB /* CGDisplay.m in Sources */ = {isa = PBXBuildFile; fileRef = 6629992E0A6E0386005757CB /* CGDisplay.m */; };
		66299A150A6E14A4005757CB /* CGDisplayConfiguration.m in Sources */ = {isa = PBXBuildFile; fileRef = 66299A140A6E14A4005757CB /* CGDisplayConfiguration.m */; };
		66299AC70A6E24DE005757CB /* FMNWindowOrientation.m in Sources */ = {isa = PBXBuildFile; fileRef = 66299AC60A6E24DE005757CB /* FMNWindowOrientation.m */; };
		66496ADB0ABBA5A90052AA87 /* FMNModuleLoader.m in Sources */ = {isa = PBXBuildFile; fileRef = 0E4DE4290A9BBD9D001C9EEF /* FMNModuleLoader.m */; };
		8D11072A0486CEB800E47090 /* MainMenu.nib in Resources */ = {isa = PBXBuildFile; fileRef = 29B97318FDCFA39411CA2CEA /* MainMenu.nib */; };
		8D11072B0486CEB800E47090 /* InfoPlist.strings in Resources */ = {isa = PBXBuildFile; fileRef = 089C165CFE840E0CC02AAC07 /* InfoPlist.strings */; };
		8D11072D0486CEB800E47090 /* main.m in Sources */ = {isa = PBXBuildFile; fileRef = 29B97316FDCFA39411CA2CEA /* main.m */; settings = {ATTRIBUTES = (); }; };
		8D11072F0486CEB800E47090 /* Cocoa.framework in Frameworks */ = {isa = PBXBuildFile; fileRef = 1058C7A1FEA54F0111CA2CBB /* Cocoa.framework */; };
/* End PBXBuildFile section */

/* Begin PBXContainerItemProxy section */
		0E13E4310A9A7DE50093153D /* PBXContainerItemProxy */ = {
			isa = PBXContainerItemProxy;
			containerPortal = 29B97313FDCFA39411CA2CEA /* Project object */;
			proxyType = 1;
			remoteGlobalIDString = 8D1107260486CEB800E47090;
			remoteInfo = FMN;
		};
		0E4DE4F00A9BCDFE001C9EEF /* PBXContainerItemProxy */ = {
			isa = PBXContainerItemProxy;
			containerPortal = 29B97313FDCFA39411CA2CEA /* Project object */;
			proxyType = 1;
			remoteGlobalIDString = 8D1107260486CEB800E47090;
			remoteInfo = FMN;
		};
		0E4DE5470A9BD1CC001C9EEF /* PBXContainerItemProxy */ = {
			isa = PBXContainerItemProxy;
			containerPortal = 29B97313FDCFA39411CA2CEA /* Project object */;
			proxyType = 1;
			remoteGlobalIDString = 0E4DE3CA0A9BB92C001C9EEF;
			remoteInfo = X11Module;
		};
		0E4DE5490A9BD1CC001C9EEF /* PBXContainerItemProxy */ = {
			isa = PBXContainerItemProxy;
			containerPortal = 29B97313FDCFA39411CA2CEA /* Project object */;
			proxyType = 1;
			remoteGlobalIDString = 0E4DE4A40A9BCADA001C9EEF;
			remoteInfo = AXModule;
		};
		0E4DE56F0A9BD4F0001C9EEF /* PBXContainerItemProxy */ = {
			isa = PBXContainerItemProxy;
			containerPortal = 29B97313FDCFA39411CA2CEA /* Project object */;
			proxyType = 1;
			remoteGlobalIDString = 8D1107260486CEB800E47090;
			remoteInfo = FMN;
		};
		0EF04FA50AAEA3D40028356D /* PBXContainerItemProxy */ = {
			isa = PBXContainerItemProxy;
			containerPortal = 29B97313FDCFA39411CA2CEA /* Project object */;
			proxyType = 1;
			remoteGlobalIDString = 8D1107260486CEB800E47090;
			remoteInfo = "Forget-Me-Not App";
		};
		0EF04FA70AAEA3D40028356D /* PBXContainerItemProxy */ = {
			isa = PBXContainerItemProxy;
			containerPortal = 29B97313FDCFA39411CA2CEA /* Project object */;
			proxyType = 1;
			remoteGlobalIDString = 0E4DE4A40A9BCADA001C9EEF;
			remoteInfo = AXModule;
		};
		0EF04FA90AAEA3D40028356D /* PBXContainerItemProxy */ = {
			isa = PBXContainerItemProxy;
			containerPortal = 29B97313FDCFA39411CA2CEA /* Project object */;
			proxyType = 1;
			remoteGlobalIDString = 0E4DE3CA0A9BB92C001C9EEF;
			remoteInfo = X11Module;
		};
		0EF04FAB0AAEA3D40028356D /* PBXContainerItemProxy */ = {
			isa = PBXContainerItemProxy;
			containerPortal = 29B97313FDCFA39411CA2CEA /* Project object */;
			proxyType = 1;
			remoteGlobalIDString = 0E13E42B0A9A7DDD0093153D;
			remoteInfo = "Forget-Me-Not Prefpane";
		};
/* End PBXContainerItemProxy section */

/* Begin PBXCopyFilesBuildPhase section */
		0E4DE5330A9BD101001C9EEF /* Copy into Forget-Me-Not.app */ = {
			isa = PBXCopyFilesBuildPhase;
			buildActionMask = 2147483647;
			dstPath = "Forget-Me-Not.app/Contents/PlugIns";
			dstSubfolderSpec = 16;
			files = (
				0E4DE5410A9BD143001C9EEF /* AXModule.plugin in Copy into Forget-Me-Not.app */,
			);
			name = "Copy into Forget-Me-Not.app";
			runOnlyForDeploymentPostprocessing = 0;
		};
		0E4DE5420A9BD174001C9EEF /* Copy into Forget-Me-Not.app */ = {
			isa = PBXCopyFilesBuildPhase;
			buildActionMask = 2147483647;
			dstPath = "Forget-Me-Not.app/Contents/PlugIns";
			dstSubfolderSpec = 16;
			files = (
				0E4DE5440A9BD18D001C9EEF /* X11Module.plugin in Copy into Forget-Me-Not.app */,
			);
			name = "Copy into Forget-Me-Not.app";
			runOnlyForDeploymentPostprocessing = 0;
		};
/* End PBXCopyFilesBuildPhase section */

/* Begin PBXFileReference section */
		089C165DFE840E0CC02AAC07 /* English */ = {isa = PBXFileReference; fileEncoding = 10; lastKnownFileType = text.plist.strings; name = English; path = English.lproj/InfoPlist.strings; sourceTree = "<group>"; };
		0E13E0670A93CA870093153D /* FMNRestorable.h */ = {isa = PBXFileReference; fileEncoding = 4; lastKnownFileType = sourcecode.c.h; path = FMNRestorable.h; sourceTree = "<group>"; };
		0E13E0760A93E0E40093153D /* FMNModule.h */ = {isa = PBXFileReference; fileEncoding = 4; lastKnownFileType = sourcecode.c.h; path = FMNModule.h; sourceTree = "<group>"; };
		0E13E07D0A93E1CA0093153D /* FMNAXModule.h */ = {isa = PBXFileReference; fileEncoding = 4; lastKnownFileType = sourcecode.c.h; path = FMNAXModule.h; sourceTree = "<group>"; };
		0E13E07E0A93E1CA0093153D /* FMNAXModule.m */ = {isa = PBXFileReference; fileEncoding = 4; lastKnownFileType = sourcecode.c.objc; path = FMNAXModule.m; sourceTree = "<group>"; };
		0E13E0900A93E8670093153D /* X11Restorable.h */ = {isa = PBXFileReference; fileEncoding = 4; lastKnownFileType = sourcecode.c.h; path = X11Restorable.h; sourceTree = "<group>"; };
		0E13E0910A93E8670093153D /* X11Restorable.m */ = {isa = PBXFileReference; fileEncoding = 4; lastKnownFileType = sourcecode.c.objc; path = X11Restorable.m; sourceTree = "<group>"; };
		0E13E42C0A9A7DDD0093153D /* Forget-Me-Not.prefpane */ = {isa = PBXFileReference; explicitFileType = wrapper.cfbundle; includeInIndex = 0; path = "Forget-Me-Not.prefpane"; sourceTree = BUILT_PRODUCTS_DIR; };
		0E13E42D0A9A7DDE0093153D /* ForgetMeNot-Info.plist */ = {isa = PBXFileReference; lastKnownFileType = text.xml; name = "ForgetMeNot-Info.plist"; path = "../ForgetMeNot-Info.plist"; sourceTree = "<group>"; };
		0E13E4500A9A7E950093153D /* English */ = {isa = PBXFileReference; lastKnownFileType = wrapper.nib; name = English; path = English.lproj/FMNPrefPane.nib; sourceTree = "<group>"; };
		0E13E4520A9A7E950093153D /* English */ = {isa = PBXFileReference; fileEncoding = 30; lastKnownFileType = text.plist.strings; name = English; path = English.lproj/InfoPlist.strings; sourceTree = "<group>"; };
		0E13E4530A9A7E950093153D /* FMNPrefPane.h */ = {isa = PBXFileReference; fileEncoding = 30; lastKnownFileType = sourcecode.c.h; path = FMNPrefPane.h; sourceTree = "<group>"; };
		0E13E4540A9A7E950093153D /* FMNPrefPane.m */ = {isa = PBXFileReference; fileEncoding = 30; lastKnownFileType = sourcecode.c.objc; path = FMNPrefPane.m; sourceTree = "<group>"; };
		0E13E4570A9A7E950093153D /* version.plist */ = {isa = PBXFileReference; fileEncoding = 30; lastKnownFileType = text.xml; path = version.plist; sourceTree = "<group>"; };
		0E13E4E40A9A8B460093153D /* FMNServer.h */ = {isa = PBXFileReference; fileEncoding = 4; lastKnownFileType = sourcecode.c.h; path = FMNServer.h; sourceTree = "<group>"; };
		0E13E5370A9A8C880093153D /* PreferencePanes.framework */ = {isa = PBXFileReference; lastKnownFileType = wrapper.framework; name = PreferencePanes.framework; path = /System/Library/Frameworks/PreferencePanes.framework; sourceTree = "<absolute>"; };
		0E2A9C750A9F71A40005F7D6 /* diagram-disabled.png */ = {isa = PBXFileReference; lastKnownFileType = image.png; name = "diagram-disabled.png"; path = "../diagram-disabled.png"; sourceTree = "<group>"; };
		0E2A9C760A9F71A40005F7D6 /* diagram-enabled.png */ = {isa = PBXFileReference; lastKnownFileType = image.png; name = "diagram-enabled.png"; path = "../diagram-enabled.png"; sourceTree = "<group>"; };
		0E3EE96E0AAF9C240022D5E3 /* FMNLoginItems.h */ = {isa = PBXFileReference; fileEncoding = 4; lastKnownFileType = sourcecode.c.h; path = FMNLoginItems.h; sourceTree = "<group>"; };
		0E3EE96F0AAF9C240022D5E3 /* FMNLoginItems.m */ = {isa = PBXFileReference; fileEncoding = 4; lastKnownFileType = sourcecode.c.objc; path = FMNLoginItems.m; sourceTree = "<group>"; };
		0E4DE3CB0A9BB92C001C9EEF /* X11Module.plugin */ = {isa = PBXFileReference; explicitFileType = wrapper.cfbundle; includeInIndex = 0; path = X11Module.plugin; sourceTree = BUILT_PRODUCTS_DIR; };
		0E4DE3CC0A9BB92C001C9EEF /* X11Module-Info.plist */ = {isa = PBXFileReference; lastKnownFileType = text.xml; path = "X11Module-Info.plist"; sourceTree = "<group>"; };
		0E4DE4280A9BBD9D001C9EEF /* FMNModuleLoader.h */ = {isa = PBXFileReference; fileEncoding = 4; lastKnownFileType = sourcecode.c.h; path = FMNModuleLoader.h; sourceTree = "<group>"; };
		0E4DE4290A9BBD9D001C9EEF /* FMNModuleLoader.m */ = {isa = PBXFileReference; fileEncoding = 4; lastKnownFileType = sourcecode.c.objc; path = FMNModuleLoader.m; sourceTree = "<group>"; };
		0E4DE4A50A9BCADA001C9EEF /* AXModule.plugin */ = {isa = PBXFileReference; explicitFileType = wrapper.cfbundle; includeInIndex = 0; path = AXModule.plugin; sourceTree = BUILT_PRODUCTS_DIR; };
		0E4DE4A60A9BCADA001C9EEF /* AXModule-Info.plist */ = {isa = PBXFileReference; lastKnownFileType = text.xml; path = "AXModule-Info.plist"; sourceTree = "<group>"; };
		0E5742E50AA4085B00A42972 /* miniFlower.tiff */ = {isa = PBXFileReference; lastKnownFileType = image.tiff; path = miniFlower.tiff; sourceTree = SOURCE_ROOT; };
		0E5743490AA4C2B400A42972 /* Flower.icns */ = {isa = PBXFileReference; lastKnownFileType = image.icns; path = Flower.icns; sourceTree = "<group>"; };
		0E5A40F50AAE49CF0055E45E /* LICENSE.txt */ = {isa = PBXFileReference; fileEncoding = 30; lastKnownFileType = text; path = LICENSE.txt; sourceTree = "<group>"; };
		0E5A41070AAE4D510055E45E /* README.txt */ = {isa = PBXFileReference; fileEncoding = 30; lastKnownFileType = text; path = README.txt; sourceTree = "<group>"; };
		0EC122F70A71728B00CE04DC /* X11WindowOrientation.h */ = {isa = PBXFileReference; fileEncoding = 4; lastKnownFileType = sourcecode.c.h; path = X11WindowOrientation.h; sourceTree = "<group>"; };
		0EC122F80A71728B00CE04DC /* X11WindowOrientation.m */ = {isa = PBXFileReference; fileEncoding = 4; lastKnownFileType = sourcecode.c.objc; path = X11WindowOrientation.m; sourceTree = "<group>"; };
		0EC122FC0A71730700CE04DC /* X11Bridge.h */ = {isa = PBXFileReference; fileEncoding = 4; lastKnownFileType = sourcecode.c.h; path = X11Bridge.h; sourceTree = "<group>"; };
		0EC122FD0A71730700CE04DC /* X11Bridge.m */ = {isa = PBXFileReference; fileEncoding = 4; lastKnownFileType = sourcecode.c.objc; path = X11Bridge.m; sourceTree = "<group>"; };
		0EC125A60A71F92D00CE04DC /* DevelNotes.txt */ = {isa = PBXFileReference; fileEncoding = 30; lastKnownFileType = text; path = DevelNotes.txt; sourceTree = "<group>"; };
		0EF04FC90AAEADE90028356D /* package-fmn.sh */ = {isa = PBXFileReference; fileEncoding = 30; lastKnownFileType = text.script.sh; path = "package-fmn.sh"; sourceTree = "<group>"; };
		0EF050450AAF6D830028356D /* version.h */ = {isa = PBXFileReference; fileEncoding = 30; lastKnownFileType = sourcecode.c.h; path = version.h; sourceTree = "<group>"; };
		1058C7A1FEA54F0111CA2CBB /* Cocoa.framework */ = {isa = PBXFileReference; lastKnownFileType = wrapper.framework; name = Cocoa.framework; path = /System/Library/Frameworks/Cocoa.framework; sourceTree = "<absolute>"; };
		13E42FB307B3F0F600E4EEF1 /* CoreData.framework */ = {isa = PBXFileReference; lastKnownFileType = wrapper.framework; name = CoreData.framework; path = /System/Library/Frameworks/CoreData.framework; sourceTree = "<absolute>"; };
		29B97316FDCFA39411CA2CEA /* main.m */ = {isa = PBXFileReference; fileEncoding = 4; lastKnownFileType = sourcecode.c.objc; path = main.m; sourceTree = "<group>"; };
		29B97319FDCFA39411CA2CEA /* English */ = {isa = PBXFileReference; lastKnownFileType = wrapper.nib; name = English; path = English.lproj/MainMenu.nib; sourceTree = "<group>"; };
		29B97324FDCFA39411CA2CEA /* AppKit.framework */ = {isa = PBXFileReference; lastKnownFileType = wrapper.framework; name = AppKit.framework; path = /System/Library/Frameworks/AppKit.framework; sourceTree = "<absolute>"; };
		29B97325FDCFA39411CA2CEA /* Foundation.framework */ = {isa = PBXFileReference; lastKnownFileType = wrapper.framework; name = Foundation.framework; path = /System/Library/Frameworks/Foundation.framework; sourceTree = "<absolute>"; };
		32CA4F630368D1EE00C91783 /* FMN_Prefix.pch */ = {isa = PBXFileReference; fileEncoding = 4; lastKnownFileType = sourcecode.c.h; path = FMN_Prefix.pch; sourceTree = "<group>"; };
		6613E2B60A676588003DA5B2 /* FMN.h */ = {isa = PBXFileReference; fileEncoding = 4; lastKnownFileType = sourcecode.c.h; path = FMN.h; sourceTree = "<group>"; };
		6613E2B70A676588003DA5B2 /* FMN.m */ = {isa = PBXFileReference; fileEncoding = 4; lastKnownFileType = sourcecode.c.objc; path = FMN.m; sourceTree = "<group>"; };
		662998980A6DE369005757CB /* FMNWindow.h */ = {isa = PBXFileReference; fileEncoding = 4; lastKnownFileType = sourcecode.c.h; path = FMNWindow.h; sourceTree = "<group>"; };
		662998A20A6DE8AB005757CB /* AXWindow.h */ = {isa = PBXFileReference; fileEncoding = 4; lastKnownFileType = sourcecode.c.h; path = AXWindow.h; sourceTree = "<group>"; };
		662998A30A6DE8AB005757CB /* AXWindow.m */ = {isa = PBXFileReference; fileEncoding = 4; lastKnownFileType = sourcecode.c.objc; path = AXWindow.m; sourceTree = "<group>"; };
		662999280A6E034C005757CB /* FMNDisplay.h */ = {isa = PBXFileReference; fileEncoding = 4; lastKnownFileType = sourcecode.c.h; path = FMNDisplay.h; sourceTree = "<group>"; };
		6629992D0A6E0386005757CB /* CGDisplay.h */ = {isa = PBXFileReference; fileEncoding = 4; lastKnownFileType = sourcecode.c.h; path = CGDisplay.h; sourceTree = "<group>"; };
		6629992E0A6E0386005757CB /* CGDisplay.m */ = {isa = PBXFileReference; fileEncoding = 4; lastKnownFileType = sourcecode.c.objc; path = CGDisplay.m; sourceTree = "<group>"; };
		66299A130A6E14A4005757CB /* CGDisplayConfiguration.h */ = {isa = PBXFileReference; fileEncoding = 4; lastKnownFileType = sourcecode.c.h; path = CGDisplayConfiguration.h; sourceTree = "<group>"; };
		66299A140A6E14A4005757CB /* CGDisplayConfiguration.m */ = {isa = PBXFileReference; fileEncoding = 4; lastKnownFileType = sourcecode.c.objc; path = CGDisplayConfiguration.m; sourceTree = "<group>"; };
		66299ABD0A6E22ED005757CB /* FMNWindowGroup.h */ = {isa = PBXFileReference; fileEncoding = 4; lastKnownFileType = sourcecode.c.h; path = FMNWindowGroup.h; sourceTree = "<group>"; };
		66299AC50A6E24DE005757CB /* FMNWindowOrientation.h */ = {isa = PBXFileReference; fileEncoding = 4; lastKnownFileType = sourcecode.c.h; path = FMNWindowOrientation.h; sourceTree = "<group>"; };
		66299AC60A6E24DE005757CB /* FMNWindowOrientation.m */ = {isa = PBXFileReference; fileEncoding = 4; lastKnownFileType = sourcecode.c.objc; path = FMNWindowOrientation.m; sourceTree = "<group>"; };
		66299ADA0A6E2768005757CB /* AXApplication.h */ = {isa = PBXFileReference; fileEncoding = 4; lastKnownFileType = sourcecode.c.h; path = AXApplication.h; sourceTree = "<group>"; };
		66299ADB0A6E2768005757CB /* AXApplication.m */ = {isa = PBXFileReference; fileEncoding = 4; lastKnownFileType = sourcecode.c.objc; path = AXApplication.m; sourceTree = "<group>"; };
		6668136E0ABB4B4D0066EABF /* FMNPrefpaneModule.h */ = {isa = PBXFileReference; fileEncoding = 4; lastKnownFileType = sourcecode.c.h; path = FMNPrefpaneModule.h; sourceTree = "<group>"; };
		666FF6440A6B17F6007110EF /* FMNDisplayConfiguration.h */ = {isa = PBXFileReference; fileEncoding = 4; lastKnownFileType = sourcecode.c.h; path = FMNDisplayConfiguration.h; sourceTree = "<group>"; };
		8D1107310486CEB800E47090 /* Info.plist */ = {isa = PBXFileReference; fileEncoding = 4; lastKnownFileType = text.plist; path = Info.plist; sourceTree = "<group>"; };
		8D1107320486CEB800E47090 /* Forget-Me-Not.app */ = {isa = PBXFileReference; explicitFileType = wrapper.application; includeInIndex = 0; path = "Forget-Me-Not.app"; sourceTree = BUILT_PRODUCTS_DIR; };
/* End PBXFileReference section */

/* Begin PBXFrameworksBuildPhase section */
		0E13E42A0A9A7DDD0093153D /* Frameworks */ = {
			isa = PBXFrameworksBuildPhase;
			buildActionMask = 2147483647;
			files = (
				0E13E5230A9A8C3A0093153D /* Cocoa.framework in Frameworks */,
				0E13E5380A9A8C880093153D /* PreferencePanes.framework in Frameworks */,
			);
			runOnlyForDeploymentPostprocessing = 0;
		};
		0E4DE3C90A9BB92C001C9EEF /* Frameworks */ = {
			isa = PBXFrameworksBuildPhase;
			buildActionMask = 2147483647;
			files = (
			);
			runOnlyForDeploymentPostprocessing = 0;
		};
		0E4DE4A30A9BCADA001C9EEF /* Frameworks */ = {
			isa = PBXFrameworksBuildPhase;
			buildActionMask = 2147483647;
			files = (
			);
			runOnlyForDeploymentPostprocessing = 0;
		};
		8D11072E0486CEB800E47090 /* Frameworks */ = {
			isa = PBXFrameworksBuildPhase;
			buildActionMask = 2147483647;
			files = (
				8D11072F0486CEB800E47090 /* Cocoa.framework in Frameworks */,
			);
			runOnlyForDeploymentPostprocessing = 0;
		};
/* End PBXFrameworksBuildPhase section */

/* Begin PBXGroup section */
		080E96DDFE201D6D7F000001 /* Classes */ = {
			isa = PBXGroup;
			children = (
				0E13E37D0A9A545D0093153D /* AX Module */,
				0E13E37C0A9A54450093153D /* X11 Module */,
				6629992D0A6E0386005757CB /* CGDisplay.h */,
				6629992E0A6E0386005757CB /* CGDisplay.m */,
				66299A130A6E14A4005757CB /* CGDisplayConfiguration.h */,
				66299A140A6E14A4005757CB /* CGDisplayConfiguration.m */,
				6613E2B60A676588003DA5B2 /* FMN.h */,
				6613E2B70A676588003DA5B2 /* FMN.m */,
				66299AC50A6E24DE005757CB /* FMNWindowOrientation.h */,
				66299AC60A6E24DE005757CB /* FMNWindowOrientation.m */,
			);
			name = Classes;
			sourceTree = "<group>";
		};
		0E13E37C0A9A54450093153D /* X11 Module */ = {
			isa = PBXGroup;
			children = (
				0E4DE3CC0A9BB92C001C9EEF /* X11Module-Info.plist */,
				0EC122FC0A71730700CE04DC /* X11Bridge.h */,
				0EC122FD0A71730700CE04DC /* X11Bridge.m */,
				0E13E0900A93E8670093153D /* X11Restorable.h */,
				0E13E0910A93E8670093153D /* X11Restorable.m */,
				0EC122F70A71728B00CE04DC /* X11WindowOrientation.h */,
				0EC122F80A71728B00CE04DC /* X11WindowOrientation.m */,
			);
			name = "X11 Module";
			sourceTree = "<group>";
		};
		0E13E37D0A9A545D0093153D /* AX Module */ = {
			isa = PBXGroup;
			children = (
				0E4DE4A60A9BCADA001C9EEF /* AXModule-Info.plist */,
				0E13E07D0A93E1CA0093153D /* FMNAXModule.h */,
				0E13E07E0A93E1CA0093153D /* FMNAXModule.m */,
				66299ADA0A6E2768005757CB /* AXApplication.h */,
				66299ADB0A6E2768005757CB /* AXApplication.m */,
				662998A20A6DE8AB005757CB /* AXWindow.h */,
				662998A30A6DE8AB005757CB /* AXWindow.m */,
			);
			name = "AX Module";
			sourceTree = "<group>";
		};
		0E13E44E0A9A7E950093153D /* PreferencePane */ = {
			isa = PBXGroup;
			children = (
				0E2A9C7B0A9F72060005F7D6 /* Resources */,
				0E3EE96E0AAF9C240022D5E3 /* FMNLoginItems.h */,
				0E3EE96F0AAF9C240022D5E3 /* FMNLoginItems.m */,
				0E13E4530A9A7E950093153D /* FMNPrefPane.h */,
				0E13E4540A9A7E950093153D /* FMNPrefPane.m */,
			);
			path = PreferencePane;
			sourceTree = "<group>";
		};
		0E2A9C7B0A9F72060005F7D6 /* Resources */ = {
			isa = PBXGroup;
			children = (
				0E13E44F0A9A7E950093153D /* FMNPrefPane.nib */,
				0E13E4510A9A7E950093153D /* InfoPlist.strings */,
				0E5742E50AA4085B00A42972 /* miniFlower.tiff */,
				0E2A9C750A9F71A40005F7D6 /* diagram-disabled.png */,
				0E2A9C760A9F71A40005F7D6 /* diagram-enabled.png */,
				0E13E42D0A9A7DDE0093153D /* ForgetMeNot-Info.plist */,
				0E13E4570A9A7E950093153D /* version.plist */,
			);
			name = Resources;
			sourceTree = "<group>";
		};
		1058C7A0FEA54F0111CA2CBB /* Linked Frameworks */ = {
			isa = PBXGroup;
			children = (
				1058C7A1FEA54F0111CA2CBB /* Cocoa.framework */,
			);
			name = "Linked Frameworks";
			sourceTree = "<group>";
		};
		1058C7A2FEA54F0111CA2CBB /* Other Frameworks */ = {
			isa = PBXGroup;
			children = (
				0E13E5370A9A8C880093153D /* PreferencePanes.framework */,
				29B97324FDCFA39411CA2CEA /* AppKit.framework */,
				13E42FB307B3F0F600E4EEF1 /* CoreData.framework */,
				29B97325FDCFA39411CA2CEA /* Foundation.framework */,
			);
			name = "Other Frameworks";
			sourceTree = "<group>";
		};
		19C28FACFE9D520D11CA2CBB /* Products */ = {
			isa = PBXGroup;
			children = (
				8D1107320486CEB800E47090 /* Forget-Me-Not.app */,
				0E13E42C0A9A7DDD0093153D /* Forget-Me-Not.prefpane */,
				0E4DE3CB0A9BB92C001C9EEF /* X11Module.plugin */,
				0E4DE4A50A9BCADA001C9EEF /* AXModule.plugin */,
			);
			name = Products;
			sourceTree = "<group>";
		};
		29B97314FDCFA39411CA2CEA /* FMN */ = {
			isa = PBXGroup;
			children = (
				0EC125A60A71F92D00CE04DC /* DevelNotes.txt */,
				0E5A40F50AAE49CF0055E45E /* LICENSE.txt */,
				0E5A41070AAE4D510055E45E /* README.txt */,
				66496ADF0ABBA6AC0052AA87 /* Module Loader */,
				0E13E44E0A9A7E950093153D /* PreferencePane */,
				66299A1E0A6E14B5005757CB /* Protocols */,
				080E96DDFE201D6D7F000001 /* Classes */,
				29B97315FDCFA39411CA2CEA /* Other Sources */,
				29B97317FDCFA39411CA2CEA /* Resources */,
				29B97323FDCFA39411CA2CEA /* Frameworks */,
				19C28FACFE9D520D11CA2CBB /* Products */,
			);
			name = FMN;
			sourceTree = "<group>";
		};
		29B97315FDCFA39411CA2CEA /* Other Sources */ = {
			isa = PBXGroup;
			children = (
				0EF050450AAF6D830028356D /* version.h */,
				0EF04FC90AAEADE90028356D /* package-fmn.sh */,
				32CA4F630368D1EE00C91783 /* FMN_Prefix.pch */,
				29B97316FDCFA39411CA2CEA /* main.m */,
			);
			name = "Other Sources";
			sourceTree = "<group>";
		};
		29B97317FDCFA39411CA2CEA /* Resources */ = {
			isa = PBXGroup;
			children = (
				0E5743490AA4C2B400A42972 /* Flower.icns */,
				8D1107310486CEB800E47090 /* Info.plist */,
				089C165CFE840E0CC02AAC07 /* InfoPlist.strings */,
				29B97318FDCFA39411CA2CEA /* MainMenu.nib */,
			);
			name = Resources;
			sourceTree = "<group>";
		};
		29B97323FDCFA39411CA2CEA /* Frameworks */ = {
			isa = PBXGroup;
			children = (
				1058C7A0FEA54F0111CA2CBB /* Linked Frameworks */,
				1058C7A2FEA54F0111CA2CBB /* Other Frameworks */,
			);
			name = Frameworks;
			sourceTree = "<group>";
		};
		66299A1E0A6E14B5005757CB /* Protocols */ = {
			isa = PBXGroup;
			children = (
				0E13E0670A93CA870093153D /* FMNRestorable.h */,
				0E13E0760A93E0E40093153D /* FMNModule.h */,
				6668136E0ABB4B4D0066EABF /* FMNPrefpaneModule.h */,
				662999280A6E034C005757CB /* FMNDisplay.h */,
				666FF6440A6B17F6007110EF /* FMNDisplayConfiguration.h */,
				662998980A6DE369005757CB /* FMNWindow.h */,
				66299ABD0A6E22ED005757CB /* FMNWindowGroup.h */,
				0E13E4E40A9A8B460093153D /* FMNServer.h */,
			);
			name = Protocols;
			sourceTree = "<group>";
		};
		66496ADF0ABBA6AC0052AA87 /* Module Loader */ = {
			isa = PBXGroup;
			children = (
				0E4DE4280A9BBD9D001C9EEF /* FMNModuleLoader.h */,
				0E4DE4290A9BBD9D001C9EEF /* FMNModuleLoader.m */,
			);
			name = "Module Loader";
			sourceTree = "<group>";
		};
/* End PBXGroup section */

/* Begin PBXNativeTarget section */
		0E13E42B0A9A7DDD0093153D /* Forget-Me-Not Prefpane */ = {
			isa = PBXNativeTarget;
			buildConfigurationList = 0E13E42E0A9A7DDF0093153D /* Build configuration list for PBXNativeTarget "Forget-Me-Not Prefpane" */;
			buildPhases = (
				0E13E4280A9A7DDD0093153D /* Resources */,
				0E13E4290A9A7DDD0093153D /* Sources */,
				0E13E42A0A9A7DDD0093153D /* Frameworks */,
				0E5742EC0AA4087C00A42972 /* rm prefs system caches */,
			);
			buildRules = (
			);
			dependencies = (
				0E4DE54A0A9BD1CC001C9EEF /* PBXTargetDependency */,
				0E4DE5480A9BD1CC001C9EEF /* PBXTargetDependency */,
				0E13E4320A9A7DE50093153D /* PBXTargetDependency */,
			);
			name = "Forget-Me-Not Prefpane";
			productName = ForgetMeNot;
			productReference = 0E13E42C0A9A7DDD0093153D /* Forget-Me-Not.prefpane */;
			productType = "com.apple.product-type.bundle";
		};
		0E4DE3CA0A9BB92C001C9EEF /* X11Module */ = {
			isa = PBXNativeTarget;
			buildConfigurationList = 0E4DE3CD0A9BB92D001C9EEF /* Build configuration list for PBXNativeTarget "X11Module" */;
			buildPhases = (
				0E4DE3C70A9BB92C001C9EEF /* Resources */,
				0E4DE3C80A9BB92C001C9EEF /* Sources */,
				0E4DE3C90A9BB92C001C9EEF /* Frameworks */,
				0E4DE5420A9BD174001C9EEF /* Copy into Forget-Me-Not.app */,
			);
			buildRules = (
			);
			dependencies = (
				0E4DE5700A9BD4F0001C9EEF /* PBXTargetDependency */,
			);
			name = X11Module;
			productName = X11Module;
			productReference = 0E4DE3CB0A9BB92C001C9EEF /* X11Module.plugin */;
			productType = "com.apple.product-type.bundle";
		};
		0E4DE4A40A9BCADA001C9EEF /* AXModule */ = {
			isa = PBXNativeTarget;
			buildConfigurationList = 0E4DE4A70A9BCADB001C9EEF /* Build configuration list for PBXNativeTarget "AXModule" */;
			buildPhases = (
				0E4DE4A10A9BCADA001C9EEF /* Resources */,
				0E4DE4A20A9BCADA001C9EEF /* Sources */,
				0E4DE4A30A9BCADA001C9EEF /* Frameworks */,
				0E4DE5330A9BD101001C9EEF /* Copy into Forget-Me-Not.app */,
			);
			buildRules = (
			);
			dependencies = (
				0E4DE4F10A9BCDFE001C9EEF /* PBXTargetDependency */,
			);
			name = AXModule;
			productName = AXModule;
			productReference = 0E4DE4A50A9BCADA001C9EEF /* AXModule.plugin */;
			productType = "com.apple.product-type.bundle";
		};
		8D1107260486CEB800E47090 /* Forget-Me-Not App */ = {
			isa = PBXNativeTarget;
			buildConfigurationList = C01FCF4A08A954540054247B /* Build configuration list for PBXNativeTarget "Forget-Me-Not App" */;
			buildPhases = (
				8D1107290486CEB800E47090 /* Resources */,
				8D11072C0486CEB800E47090 /* Sources */,
				8D11072E0486CEB800E47090 /* Frameworks */,
			);
			buildRules = (
			);
			dependencies = (
			);
			name = "Forget-Me-Not App";
			productInstallPath = "$(HOME)/Applications";
			productName = FMN;
			productReference = 8D1107320486CEB800E47090 /* Forget-Me-Not.app */;
			productType = "com.apple.product-type.application";
		};
/* End PBXNativeTarget section */

/* Begin PBXProject section */
		29B97313FDCFA39411CA2CEA /* Project object */ = {
			isa = PBXProject;
			buildConfigurationList = C01FCF4E08A954540054247B /* Build configuration list for PBXProject "FMN" */;
			hasScannedForEncodings = 1;
			mainGroup = 29B97314FDCFA39411CA2CEA /* FMN */;
			projectDirPath = "";
			targets = (
				8D1107260486CEB800E47090 /* Forget-Me-Not App */,
				0E4DE4A40A9BCADA001C9EEF /* AXModule */,
				0E4DE3CA0A9BB92C001C9EEF /* X11Module */,
				0E13E42B0A9A7DDD0093153D /* Forget-Me-Not Prefpane */,
				0EF04FA40AAEA3B70028356D /* Package FMN */,
			);
		};
/* End PBXProject section */

/* Begin PBXResourcesBuildPhase section */
		0E13E4280A9A7DDD0093153D /* Resources */ = {
			isa = PBXResourcesBuildPhase;
			buildActionMask = 2147483647;
			files = (
				0E13E4600A9A7ED00093153D /* Forget-Me-Not.app in Resources */,
				0E13E4580A9A7E950093153D /* FMNPrefPane.nib in Resources */,
				0E13E4590A9A7E950093153D /* InfoPlist.strings in Resources */,
				0E13E45D0A9A7E950093153D /* version.plist in Resources */,
				0E2A9C770A9F71A40005F7D6 /* diagram-disabled.png in Resources */,
				0E2A9C780A9F71A40005F7D6 /* diagram-enabled.png in Resources */,
				0E5742E60AA4085B00A42972 /* miniFlower.tiff in Resources */,
				0E57434B0AA4C2B400A42972 /* Flower.icns in Resources */,
			);
			runOnlyForDeploymentPostprocessing = 0;
		};
		0E4DE3C70A9BB92C001C9EEF /* Resources */ = {
			isa = PBXResourcesBuildPhase;
			buildActionMask = 2147483647;
			files = (
			);
			runOnlyForDeploymentPostprocessing = 0;
		};
		0E4DE4A10A9BCADA001C9EEF /* Resources */ = {
			isa = PBXResourcesBuildPhase;
			buildActionMask = 2147483647;
			files = (
			);
			runOnlyForDeploymentPostprocessing = 0;
		};
		8D1107290486CEB800E47090 /* Resources */ = {
			isa = PBXResourcesBuildPhase;
			buildActionMask = 2147483647;
			files = (
				8D11072A0486CEB800E47090 /* MainMenu.nib in Resources */,
				8D11072B0486CEB800E47090 /* InfoPlist.strings in Resources */,
				0E57434A0AA4C2B400A42972 /* Flower.icns in Resources */,
			);
			runOnlyForDeploymentPostprocessing = 0;
		};
/* End PBXResourcesBuildPhase section */

/* Begin PBXShellScriptBuildPhase section */
		0E5742EC0AA4087C00A42972 /* rm prefs system caches */ = {
			isa = PBXShellScriptBuildPhase;
			buildActionMask = 2147483647;
			files = (
			);
			inputPaths = (
			);
			name = "rm prefs system caches";
			outputPaths = (
			);
			runOnlyForDeploymentPostprocessing = 0;
			shellPath = /bin/sh;
			shellScript = "rm -f $HOME/Library/Caches/com.apple.preferencepanes.*";
		};
		0EF04FAD0AAEA3FE0028356D /* ShellScript */ = {
			isa = PBXShellScriptBuildPhase;
			buildActionMask = 2147483647;
			files = (
			);
			inputPaths = (
			);
			outputPaths = (
			);
			runOnlyForDeploymentPostprocessing = 0;
			shellPath = /bin/sh;
			shellScript = "chmod 755 package-fmn.sh\nexec ./package-fmn.sh";
		};
/* End PBXShellScriptBuildPhase section */

/* Begin PBXSourcesBuildPhase section */
		0E13E4290A9A7DDD0093153D /* Sources */ = {
			isa = PBXSourcesBuildPhase;
			buildActionMask = 2147483647;
			files = (
				0E13E45A0A9A7E950093153D /* FMNPrefPane.m in Sources */,
				0E3EE9700AAF9C240022D5E3 /* FMNLoginItems.m in Sources */,
				66496ADB0ABBA5A90052AA87 /* FMNModuleLoader.m in Sources */,
			);
			runOnlyForDeploymentPostprocessing = 0;
		};
		0E4DE3C80A9BB92C001C9EEF /* Sources */ = {
			isa = PBXSourcesBuildPhase;
			buildActionMask = 2147483647;
			files = (
				0E4DE3F30A9BBA37001C9EEF /* X11Bridge.m in Sources */,
				0E4DE3F40A9BBA38001C9EEF /* X11Restorable.m in Sources */,
				0E4DE3F50A9BBA39001C9EEF /* X11WindowOrientation.m in Sources */,
			);
			runOnlyForDeploymentPostprocessing = 0;
		};
		0E4DE4A20A9BCADA001C9EEF /* Sources */ = {
			isa = PBXSourcesBuildPhase;
			buildActionMask = 2147483647;
			files = (
				0E4DE4B00A9BCB98001C9EEF /* AXApplication.m in Sources */,
				0E4DE4B10A9BCB99001C9EEF /* AXWindow.m in Sources */,
				0E4DE4B20A9BCB9A001C9EEF /* FMNAXModule.m in Sources */,
			);
			runOnlyForDeploymentPostprocessing = 0;
		};
		8D11072C0486CEB800E47090 /* Sources */ = {
			isa = PBXSourcesBuildPhase;
			buildActionMask = 2147483647;
			files = (
				8D11072D0486CEB800E47090 /* main.m in Sources */,
				6613E2B80A676588003DA5B2 /* FMN.m in Sources */,
				6629992F0A6E0386005757CB /* CGDisplay.m in Sources */,
				66299A150A6E14A4005757CB /* CGDisplayConfiguration.m in Sources */,
				66299AC70A6E24DE005757CB /* FMNWindowOrientation.m in Sources */,
				0E4DE42A0A9BBD9D001C9EEF /* FMNModuleLoader.m in Sources */,
			);
			runOnlyForDeploymentPostprocessing = 0;
		};
/* End PBXSourcesBuildPhase section */

/* Begin PBXTargetDependency section */
		0E13E4320A9A7DE50093153D /* PBXTargetDependency */ = {
			isa = PBXTargetDependency;
			target = 8D1107260486CEB800E47090 /* Forget-Me-Not App */;
			targetProxy = 0E13E4310A9A7DE50093153D /* PBXContainerItemProxy */;
		};
		0E4DE4F10A9BCDFE001C9EEF /* PBXTargetDependency */ = {
			isa = PBXTargetDependency;
			target = 8D1107260486CEB800E47090 /* Forget-Me-Not App */;
			targetProxy = 0E4DE4F00A9BCDFE001C9EEF /* PBXContainerItemProxy */;
		};
		0E4DE5480A9BD1CC001C9EEF /* PBXTargetDependency */ = {
			isa = PBXTargetDependency;
			target = 0E4DE3CA0A9BB92C001C9EEF /* X11Module */;
			targetProxy = 0E4DE5470A9BD1CC001C9EEF /* PBXContainerItemProxy */;
		};
		0E4DE54A0A9BD1CC001C9EEF /* PBXTargetDependency */ = {
			isa = PBXTargetDependency;
			target = 0E4DE4A40A9BCADA001C9EEF /* AXModule */;
			targetProxy = 0E4DE5490A9BD1CC001C9EEF /* PBXContainerItemProxy */;
		};
		0E4DE5700A9BD4F0001C9EEF /* PBXTargetDependency */ = {
			isa = PBXTargetDependency;
			target = 8D1107260486CEB800E47090 /* Forget-Me-Not App */;
			targetProxy = 0E4DE56F0A9BD4F0001C9EEF /* PBXContainerItemProxy */;
		};
		0EF04FA60AAEA3D40028356D /* PBXTargetDependency */ = {
			isa = PBXTargetDependency;
			target = 8D1107260486CEB800E47090 /* Forget-Me-Not App */;
			targetProxy = 0EF04FA50AAEA3D40028356D /* PBXContainerItemProxy */;
		};
		0EF04FA80AAEA3D40028356D /* PBXTargetDependency */ = {
			isa = PBXTargetDependency;
			target = 0E4DE4A40A9BCADA001C9EEF /* AXModule */;
			targetProxy = 0EF04FA70AAEA3D40028356D /* PBXContainerItemProxy */;
		};
		0EF04FAA0AAEA3D40028356D /* PBXTargetDependency */ = {
			isa = PBXTargetDependency;
			target = 0E4DE3CA0A9BB92C001C9EEF /* X11Module */;
			targetProxy = 0EF04FA90AAEA3D40028356D /* PBXContainerItemProxy */;
		};
		0EF04FAC0AAEA3D40028356D /* PBXTargetDependency */ = {
			isa = PBXTargetDependency;
			target = 0E13E42B0A9A7DDD0093153D /* Forget-Me-Not Prefpane */;
			targetProxy = 0EF04FAB0AAEA3D40028356D /* PBXContainerItemProxy */;
		};
/* End PBXTargetDependency section */

/* Begin PBXVariantGroup section */
		089C165CFE840E0CC02AAC07 /* InfoPlist.strings */ = {
			isa = PBXVariantGroup;
			children = (
				089C165DFE840E0CC02AAC07 /* English */,
			);
			name = InfoPlist.strings;
			sourceTree = "<group>";
		};
		0E13E44F0A9A7E950093153D /* FMNPrefPane.nib */ = {
			isa = PBXVariantGroup;
			children = (
				0E13E4500A9A7E950093153D /* English */,
			);
			name = FMNPrefPane.nib;
			sourceTree = "<group>";
		};
		0E13E4510A9A7E950093153D /* InfoPlist.strings */ = {
			isa = PBXVariantGroup;
			children = (
				0E13E4520A9A7E950093153D /* English */,
			);
			name = InfoPlist.strings;
			sourceTree = "<group>";
		};
		29B97318FDCFA39411CA2CEA /* MainMenu.nib */ = {
			isa = PBXVariantGroup;
			children = (
				29B97319FDCFA39411CA2CEA /* English */,
			);
			name = MainMenu.nib;
			sourceTree = "<group>";
		};
/* End PBXVariantGroup section */

/* Begin XCBuildConfiguration section */
		0E13E42F0A9A7DDF0093153D /* Debug */ = {
			isa = XCBuildConfiguration;
			buildSettings = {
				COPY_PHASE_STRIP = NO;
				GCC_DYNAMIC_NO_PIC = NO;
				GCC_ENABLE_FIX_AND_CONTINUE = YES;
				GCC_GENERATE_DEBUGGING_SYMBOLS = YES;
				GCC_MODEL_TUNING = G5;
				GCC_OPTIMIZATION_LEVEL = 0;
				GCC_PRECOMPILE_PREFIX_HEADER = YES;
				GCC_PREFIX_HEADER = "$(SYSTEM_LIBRARY_DIR)/Frameworks/AppKit.framework/Headers/AppKit.h";
				INFOPLIST_FILE = "ForgetMeNot-Info.plist";
				INSTALL_PATH = "$(HOME)/Library/Bundles";
				OTHER_LDFLAGS = (
					"-framework",
					Foundation,
					"-framework",
					AppKit,
				);
				PREBINDING = NO;
				PRODUCT_NAME = "Forget-Me-Not";
				WRAPPER_EXTENSION = prefpane;
				ZERO_LINK = YES;
			};
			name = Debug;
		};
		0E13E4300A9A7DDF0093153D /* Release */ = {
			isa = XCBuildConfiguration;
			buildSettings = {
				ARCHS = (
					ppc,
					i386,
				);
				COPY_PHASE_STRIP = YES;
				GCC_ENABLE_FIX_AND_CONTINUE = NO;
				GCC_GENERATE_DEBUGGING_SYMBOLS = NO;
				GCC_MODEL_TUNING = G5;
				GCC_PRECOMPILE_PREFIX_HEADER = YES;
				GCC_PREFIX_HEADER = "$(SYSTEM_LIBRARY_DIR)/Frameworks/AppKit.framework/Headers/AppKit.h";
				INFOPLIST_FILE = "ForgetMeNot-Info.plist";
				INSTALL_PATH = "$(HOME)/Library/Bundles";
				OTHER_LDFLAGS = (
					"-framework",
					Foundation,
					"-framework",
					AppKit,
				);
				PREBINDING = NO;
				PRODUCT_NAME = "Forget-Me-Not";
				WRAPPER_EXTENSION = prefpane;
				ZERO_LINK = NO;
			};
			name = Release;
		};
		0E4DE3CE0A9BB92D001C9EEF /* Debug */ = {
			isa = XCBuildConfiguration;
			buildSettings = {
				COPY_PHASE_STRIP = NO;
				GCC_DYNAMIC_NO_PIC = NO;
				GCC_ENABLE_FIX_AND_CONTINUE = YES;
				GCC_ENABLE_OBJC_EXCEPTIONS = YES;
				GCC_GENERATE_DEBUGGING_SYMBOLS = YES;
				GCC_MODEL_TUNING = G4;
				GCC_OPTIMIZATION_LEVEL = 0;
				GCC_PRECOMPILE_PREFIX_HEADER = YES;
				GCC_PREFIX_HEADER = "$(SYSTEM_LIBRARY_DIR)/Frameworks/AppKit.framework/Headers/AppKit.h";
				INFOPLIST_FILE = "X11Module-Info.plist";
				INSTALL_PATH = "$(HOME)/Library/Bundles";
				LIBRARY_SEARCH_PATHS = /usr/X11R6/lib;
				OTHER_LDFLAGS = (
					"-framework",
					Foundation,
					"-framework",
					AppKit,
					"-lX11",
					"-lXmu",
				);
				PREBINDING = NO;
				PRODUCT_NAME = X11Module;
				WRAPPER_EXTENSION = plugin;
				ZERO_LINK = YES;
			};
			name = Debug;
		};
		0E4DE3CF0A9BB92D001C9EEF /* Release */ = {
			isa = XCBuildConfiguration;
			buildSettings = {
				ARCHS = (
					ppc,
					i386,
				);
				COPY_PHASE_STRIP = YES;
				GCC_ENABLE_FIX_AND_CONTINUE = NO;
				GCC_ENABLE_OBJC_EXCEPTIONS = YES;
				GCC_GENERATE_DEBUGGING_SYMBOLS = NO;
				GCC_MODEL_TUNING = G4;
				GCC_PRECOMPILE_PREFIX_HEADER = YES;
				GCC_PREFIX_HEADER = "$(SYSTEM_LIBRARY_DIR)/Frameworks/AppKit.framework/Headers/AppKit.h";
				INFOPLIST_FILE = "X11Module-Info.plist";
				INSTALL_PATH = "$(HOME)/Library/Bundles";
				LIBRARY_SEARCH_PATHS = /usr/X11R6/lib;
				OTHER_LDFLAGS = (
					"-framework",
					Foundation,
					"-framework",
					AppKit,
					"-lX11",
					"-lXmu",
				);
				PREBINDING = NO;
				PRODUCT_NAME = X11Module;
				WRAPPER_EXTENSION = plugin;
				ZERO_LINK = NO;
			};
			name = Release;
		};
		0E4DE4A80A9BCADB001C9EEF /* Debug */ = {
			isa = XCBuildConfiguration;
			buildSettings = {
				BUNDLE_LOADER = "$(BUILT_PRODUCTS_DIR)/Forget-Me-Not.app/Contents/MacOS/Forget-Me-Not";
				COPY_PHASE_STRIP = NO;
				GCC_DYNAMIC_NO_PIC = NO;
				GCC_ENABLE_FIX_AND_CONTINUE = YES;
				GCC_ENABLE_OBJC_EXCEPTIONS = YES;
				GCC_GENERATE_DEBUGGING_SYMBOLS = YES;
				GCC_MODEL_TUNING = G5;
				GCC_OPTIMIZATION_LEVEL = 0;
				GCC_PRECOMPILE_PREFIX_HEADER = YES;
				GCC_PREFIX_HEADER = "$(SYSTEM_LIBRARY_DIR)/Frameworks/AppKit.framework/Headers/AppKit.h";
				INFOPLIST_FILE = "AXModule-Info.plist";
				INSTALL_PATH = "$(HOME)/Library/Bundles";
				OTHER_LDFLAGS = (
					"-framework",
					Foundation,
					"-framework",
					AppKit,
				);
				PREBINDING = NO;
				PRODUCT_NAME = AXModule;
				WRAPPER_EXTENSION = plugin;
				ZERO_LINK = YES;
			};
			name = Debug;
		};
		0E4DE4A90A9BCADB001C9EEF /* Release */ = {
			isa = XCBuildConfiguration;
			buildSettings = {
				ARCHS = (
					ppc,
					i386,
				);
				BUNDLE_LOADER = "$(BUILT_PRODUCTS_DIR)/Forget-Me-Not.app/Contents/MacOS/Forget-Me-Not";
				COPY_PHASE_STRIP = YES;
				GCC_ENABLE_FIX_AND_CONTINUE = NO;
				GCC_ENABLE_OBJC_EXCEPTIONS = YES;
				GCC_GENERATE_DEBUGGING_SYMBOLS = NO;
				GCC_MODEL_TUNING = G5;
				GCC_PRECOMPILE_PREFIX_HEADER = YES;
				GCC_PREFIX_HEADER = "$(SYSTEM_LIBRARY_DIR)/Frameworks/AppKit.framework/Headers/AppKit.h";
				INFOPLIST_FILE = "AXModule-Info.plist";
				INSTALL_PATH = "$(HOME)/Library/Bundles";
				OTHER_LDFLAGS = (
					"-framework",
					Foundation,
					"-framework",
					AppKit,
				);
				PREBINDING = NO;
				PRODUCT_NAME = AXModule;
				WRAPPER_EXTENSION = plugin;
				ZERO_LINK = NO;
			};
			name = Release;
		};
		0EF04FB50AAEA40A0028356D /* Debug */ = {
			isa = XCBuildConfiguration;
			buildSettings = {
				COPY_PHASE_STRIP = NO;
				GCC_DYNAMIC_NO_PIC = NO;
				GCC_GENERATE_DEBUGGING_SYMBOLS = YES;
				GCC_OPTIMIZATION_LEVEL = 0;
				PRODUCT_NAME = "Package FMN";
			};
			name = Debug;
		};
		0EF04FB60AAEA40A0028356D /* Release */ = {
			isa = XCBuildConfiguration;
			buildSettings = {
				COPY_PHASE_STRIP = YES;
				GCC_ENABLE_FIX_AND_CONTINUE = NO;
				GCC_GENERATE_DEBUGGING_SYMBOLS = NO;
				PRODUCT_NAME = "Package FMN";
				ZERO_LINK = NO;
			};
			name = Release;
		};
		C01FCF4B08A954540054247B /* Debug */ = {
			isa = XCBuildConfiguration;
			buildSettings = {
				COPY_PHASE_STRIP = NO;
				GCC_DYNAMIC_NO_PIC = NO;
				GCC_ENABLE_FIX_AND_CONTINUE = YES;
				GCC_ENABLE_OBJC_EXCEPTIONS = YES;
				GCC_MODEL_TUNING = G5;
				GCC_OPTIMIZATION_LEVEL = 0;
				INFOPLIST_FILE = Info.plist;
				INSTALL_PATH = "$(HOME)/Applications";
				LIBRARY_SEARCH_PATHS = "";
				OTHER_LDFLAGS = "";
				PRODUCT_NAME = "Forget-Me-Not";
				WRAPPER_EXTENSION = app;
				ZERO_LINK = NO;
			};
			name = Debug;
		};
		C01FCF4C08A954540054247B /* Release */ = {
			isa = XCBuildConfiguration;
			buildSettings = {
				ARCHS = (
					ppc,
					i386,
				);
				GCC_ENABLE_OBJC_EXCEPTIONS = YES;
				GCC_GENERATE_DEBUGGING_SYMBOLS = NO;
				GCC_MODEL_TUNING = G5;
				INFOPLIST_FILE = Info.plist;
				INSTALL_PATH = "$(HOME)/Applications";
				LIBRARY_SEARCH_PATHS = "";
				OTHER_LDFLAGS = "";
				PRODUCT_NAME = "Forget-Me-Not";
				WRAPPER_EXTENSION = app;
				ZERO_LINK = NO;
			};
			name = Release;
		};
		C01FCF4F08A954540054247B /* Debug */ = {
			isa = XCBuildConfiguration;
			buildSettings = {
				GCC_WARN_ABOUT_RETURN_TYPE = YES;
				GCC_WARN_UNUSED_VARIABLE = YES;
				INFOPLIST_OTHER_PREPROCESSOR_FLAGS = "-C";
				INFOPLIST_PREFIX_HEADER = version.h;
				INFOPLIST_PREPROCESS = YES;
				INFOPLIST_PREPROCESSOR_DEFINITIONS = "";
				PREBINDING = NO;
				SDKROOT = /Developer/SDKs/MacOSX10.4u.sdk;
			};
			name = Debug;
		};
		C01FCF5008A954540054247B /* Release */ = {
			isa = XCBuildConfiguration;
			buildSettings = {
				ARCHS = (
					ppc,
					i386,
				);
				GCC_WARN_ABOUT_RETURN_TYPE = YES;
				GCC_WARN_UNUSED_VARIABLE = YES;
				INFOPLIST_OTHER_PREPROCESSOR_FLAGS = "-C";
				INFOPLIST_PREFIX_HEADER = version.h;
				INFOPLIST_PREPROCESS = YES;
				INFOPLIST_PREPROCESSOR_DEFINITIONS = "";
				MACOSX_DEPLOYMENT_TARGET_i386 = 10.4;
				MACOSX_DEPLOYMENT_TARGET_ppc = 10.3;
				PREBINDING = NO;
				SDKROOT = /Developer/SDKs/MacOSX10.4u.sdk;
				SDKROOT_i386 = /Developer/SDKs/MacOSX10.4u.sdk;
				SDKROOT_ppc = /Developer/SDKs/MacOSX10.3.9.sdk;
			};
			name = Release;
		};
/* End XCBuildConfiguration section */

/* Begin XCConfigurationList section */
		0E13E42E0A9A7DDF0093153D /* Build configuration list for PBXNativeTarget "Forget-Me-Not Prefpane" */ = {
			isa = XCConfigurationList;
			buildConfigurations = (
				0E13E42F0A9A7DDF0093153D /* Debug */,
				0E13E4300A9A7DDF0093153D /* Release */,
			);
			defaultConfigurationIsVisible = 0;
			defaultConfigurationName = Release;
		};
		0E4DE3CD0A9BB92D001C9EEF /* Build configuration list for PBXNativeTarget "X11Module" */ = {
			isa = XCConfigurationList;
			buildConfigurations = (
				0E4DE3CE0A9BB92D001C9EEF /* Debug */,
				0E4DE3CF0A9BB92D001C9EEF /* Release */,
			);
			defaultConfigurationIsVisible = 0;
			defaultConfigurationName = Release;
		};
		0E4DE4A70A9BCADB001C9EEF /* Build configuration list for PBXNativeTarget "AXModule" */ = {
			isa = XCConfigurationList;
			buildConfigurations = (
				0E4DE4A80A9BCADB001C9EEF /* Debug */,
				0E4DE4A90A9BCADB001C9EEF /* Release */,
			);
			defaultConfigurationIsVisible = 0;
			defaultConfigurationName = Release;
		};
		0EF04FB40AAEA40A0028356D /* Build configuration list for PBXAggregateTarget "Package FMN" */ = {
			isa = XCConfigurationList;
			buildConfigurations = (
				0EF04FB50AAEA40A0028356D /* Debug */,
				0EF04FB60AAEA40A0028356D /* Release */,
			);
			defaultConfigurationIsVisible = 0;
			defaultConfigurationName = Release;
		};
		C01FCF4A08A954540054247B /* Build configuration list for PBXNativeTarget "Forget-Me-Not App" */ = {
			isa = XCConfigurationList;
			buildConfigurations = (
				C01FCF4B08A954540054247B /* Debug */,
				C01FCF4C08A954540054247B /* Release */,
			);
			defaultConfigurationIsVisible = 0;
			defaultConfigurationName = Release;
		};
		C01FCF4E08A954540054247B /* Build configuration list for PBXProject "FMN" */ = {
			isa = XCConfigurationList;
			buildConfigurations = (
				C01FCF4F08A954540054247B /* Debug */,
				C01FCF5008A954540054247B /* Release */,
			);
			defaultConfigurationIsVisible = 0;
			defaultConfigurationName = Release;
		};
/* End XCConfigurationList section */
	};
	rootObject = 29B97313FDCFA39411CA2CEA /* Project object */;
}
